---
- name: "Rmlock: Get mysql service status"
  ansible.builtin.command:
    cmd: /usr/local/etc/rc.d/mysql-server status
  register: result
  ignore_errors: true
  changed_when: false

- name: "Rmlock: Debug mysql sevice facts bsd_mysql_debug={{ bsd_mysql_debug }}"
  ansible.builtin.debug:
    var: result
  when: bsd_mysql_debug | bool

- name: "Rmlock: Remove locks"
  ansible.builtin.file:
    state: absent
    path: "{{ item }}"
  loop: "{{ bsd_mysql_locks }}"
  when: result.stdout|d('') == bsd_mysql_status_stopped

# EOF
